// !$*UTF8*$!
{
	archiveVersion = 1;
	classes = {
	};
	objectVersion = 46;
	objects = {

/* Begin PBXBuildFile section */
		5550C79C6617FA0E07B34E00 /* libPods.a in Frameworks */ = {isa = PBXBuildFile; fileRef = F995FCCE1100A29E43E9A772 /* libPods.a */; };
		F45517771AAB269C00F6BBF0 /* CustomSlideViewController.m in Sources */ = {isa = PBXBuildFile; fileRef = F45517741AAB269C00F6BBF0 /* CustomSlideViewController.m */; };
		F45517781AAB269C00F6BBF0 /* MenuOptionsViewController.m in Sources */ = {isa = PBXBuildFile; fileRef = F45517761AAB269C00F6BBF0 /* MenuOptionsViewController.m */; };
		F45517841AAB2AF800F6BBF0 /* MenuViewController.m in Sources */ = {isa = PBXBuildFile; fileRef = F45517831AAB2AF800F6BBF0 /* MenuViewController.m */; };
		F45517871AAB2B0B00F6BBF0 /* HomeViewController.m in Sources */ = {isa = PBXBuildFile; fileRef = F45517861AAB2B0B00F6BBF0 /* HomeViewController.m */; };
		F455178F1AAB3DFE00F6BBF0 /* FileUtility.m in Sources */ = {isa = PBXBuildFile; fileRef = F455178C1AAB3DFE00F6BBF0 /* FileUtility.m */; };
		F45517901AAB3DFE00F6BBF0 /* IconDownloader.m in Sources */ = {isa = PBXBuildFile; fileRef = F455178D1AAB3DFE00F6BBF0 /* IconDownloader.m */; };
		F499EB3A1AB43EF200E7BB72 /* LoginViewController.m in Sources */ = {isa = PBXBuildFile; fileRef = F499EB391AB43EF200E7BB72 /* LoginViewController.m */; };
		F499EB461AB44D4D00E7BB72 /* Login.m in Sources */ = {isa = PBXBuildFile; fileRef = F499EB451AB44D4D00E7BB72 /* Login.m */; };
		F499EB491AB44EAA00E7BB72 /* curacao.xcdatamodeld in Sources */ = {isa = PBXBuildFile; fileRef = F499EB471AB44EAA00E7BB72 /* curacao.xcdatamodeld */; };
		F4D45F111AA629C6001FA945 /* main.m in Sources */ = {isa = PBXBuildFile; fileRef = F4D45F101AA629C6001FA945 /* main.m */; };
		F4D45F141AA629C6001FA945 /* AppDelegate.m in Sources */ = {isa = PBXBuildFile; fileRef = F4D45F131AA629C6001FA945 /* AppDelegate.m */; };
		F4D45F171AA629C6001FA945 /* ViewController.m in Sources */ = {isa = PBXBuildFile; fileRef = F4D45F161AA629C6001FA945 /* ViewController.m */; };
		F4D45F1A1AA629C6001FA945 /* Main.storyboard in Resources */ = {isa = PBXBuildFile; fileRef = F4D45F181AA629C6001FA945 /* Main.storyboard */; };
		F4D45F1C1AA629C6001FA945 /* Images.xcassets in Resources */ = {isa = PBXBuildFile; fileRef = F4D45F1B1AA629C6001FA945 /* Images.xcassets */; };
		F4D45F1F1AA629C6001FA945 /* LaunchScreen.xib in Resources */ = {isa = PBXBuildFile; fileRef = F4D45F1D1AA629C6001FA945 /* LaunchScreen.xib */; };
		F4D45F2B1AA629C6001FA945 /* CuracaoTests.m in Sources */ = {isa = PBXBuildFile; fileRef = F4D45F2A1AA629C6001FA945 /* CuracaoTests.m */; };
		F4DC9C361AAF536C00D05D74 /* StoreLocatorViewController.m in Sources */ = {isa = PBXBuildFile; fileRef = F4DC9C351AAF536C00D05D74 /* StoreLocatorViewController.m */; };
		F4DC9C391AAF618000D05D74 /* CustomerServiceViewController.m in Sources */ = {isa = PBXBuildFile; fileRef = F4DC9C381AAF618000D05D74 /* CustomerServiceViewController.m */; };
		F4DC9C3C1AAF628A00D05D74 /* FullSiteViewController.m in Sources */ = {isa = PBXBuildFile; fileRef = F4DC9C3B1AAF628A00D05D74 /* FullSiteViewController.m */; };
/* End PBXBuildFile section */

/* Begin PBXContainerItemProxy section */
		F4D45F251AA629C6001FA945 /* PBXContainerItemProxy */ = {
			isa = PBXContainerItemProxy;
			containerPortal = F4D45F031AA629C6001FA945 /* Project object */;
			proxyType = 1;
			remoteGlobalIDString = F4D45F0A1AA629C6001FA945;
			remoteInfo = Curacao;
		};
/* End PBXContainerItemProxy section */

/* Begin PBXFileReference section */
		0FF3D75B892FC3E430EB7F89 /* Pods.release.xcconfig */ = {isa = PBXFileReference; includeInIndex = 1; lastKnownFileType = text.xcconfig; name = Pods.release.xcconfig; path = "Pods/Target Support Files/Pods/Pods.release.xcconfig"; sourceTree = "<group>"; };
		4FA44F19AFEF0B9C9643D7CD /* Pods.debug.xcconfig */ = {isa = PBXFileReference; includeInIndex = 1; lastKnownFileType = text.xcconfig; name = Pods.debug.xcconfig; path = "Pods/Target Support Files/Pods/Pods.debug.xcconfig"; sourceTree = "<group>"; };
		F45517731AAB269C00F6BBF0 /* CustomSlideViewController.h */ = {isa = PBXFileReference; fileEncoding = 4; lastKnownFileType = sourcecode.c.h; path = CustomSlideViewController.h; sourceTree = "<group>"; };
		F45517741AAB269C00F6BBF0 /* CustomSlideViewController.m */ = {isa = PBXFileReference; fileEncoding = 4; lastKnownFileType = sourcecode.c.objc; path = CustomSlideViewController.m; sourceTree = "<group>"; };
		F45517751AAB269C00F6BBF0 /* MenuOptionsViewController.h */ = {isa = PBXFileReference; fileEncoding = 4; lastKnownFileType = sourcecode.c.h; path = MenuOptionsViewController.h; sourceTree = "<group>"; };
		F45517761AAB269C00F6BBF0 /* MenuOptionsViewController.m */ = {isa = PBXFileReference; fileEncoding = 4; lastKnownFileType = sourcecode.c.objc; path = MenuOptionsViewController.m; sourceTree = "<group>"; };
		F455177B1AAB285300F6BBF0 /* Constant.h */ = {isa = PBXFileReference; fileEncoding = 4; lastKnownFileType = sourcecode.c.h; path = Constant.h; sourceTree = "<group>"; };
		F45517821AAB2AF800F6BBF0 /* MenuViewController.h */ = {isa = PBXFileReference; fileEncoding = 4; lastKnownFileType = sourcecode.c.h; path = MenuViewController.h; sourceTree = "<group>"; };
		F45517831AAB2AF800F6BBF0 /* MenuViewController.m */ = {isa = PBXFileReference; fileEncoding = 4; lastKnownFileType = sourcecode.c.objc; path = MenuViewController.m; sourceTree = "<group>"; };
		F45517851AAB2B0B00F6BBF0 /* HomeViewController.h */ = {isa = PBXFileReference; fileEncoding = 4; lastKnownFileType = sourcecode.c.h; path = HomeViewController.h; sourceTree = "<group>"; };
		F45517861AAB2B0B00F6BBF0 /* HomeViewController.m */ = {isa = PBXFileReference; fileEncoding = 4; lastKnownFileType = sourcecode.c.objc; path = HomeViewController.m; sourceTree = "<group>"; };
		F45517881AAB35B500F6BBF0 /* Curacao-Prefix.pch */ = {isa = PBXFileReference; fileEncoding = 4; lastKnownFileType = sourcecode.c.h; path = "Curacao-Prefix.pch"; sourceTree = "<group>"; };
		F45517891AAB379100F6BBF0 /* ConstantStr.h */ = {isa = PBXFileReference; fileEncoding = 4; lastKnownFileType = sourcecode.c.h; path = ConstantStr.h; sourceTree = "<group>"; };
		F455178A1AAB3D9C00F6BBF0 /* Enum.h */ = {isa = PBXFileReference; fileEncoding = 4; lastKnownFileType = sourcecode.c.h; path = Enum.h; sourceTree = "<group>"; };
		F455178B1AAB3DFE00F6BBF0 /* FileUtility.h */ = {isa = PBXFileReference; fileEncoding = 4; lastKnownFileType = sourcecode.c.h; path = FileUtility.h; sourceTree = "<group>"; };
		F455178C1AAB3DFE00F6BBF0 /* FileUtility.m */ = {isa = PBXFileReference; fileEncoding = 4; lastKnownFileType = sourcecode.c.objc; path = FileUtility.m; sourceTree = "<group>"; };
		F455178D1AAB3DFE00F6BBF0 /* IconDownloader.m */ = {isa = PBXFileReference; fileEncoding = 4; lastKnownFileType = sourcecode.c.objc; path = IconDownloader.m; sourceTree = "<group>"; };
		F455178E1AAB3DFE00F6BBF0 /* IconDownloader.h */ = {isa = PBXFileReference; fileEncoding = 4; lastKnownFileType = sourcecode.c.h; path = IconDownloader.h; sourceTree = "<group>"; };
		F499EB381AB43EF200E7BB72 /* LoginViewController.h */ = {isa = PBXFileReference; fileEncoding = 4; lastKnownFileType = sourcecode.c.h; path = LoginViewController.h; sourceTree = "<group>"; };
		F499EB391AB43EF200E7BB72 /* LoginViewController.m */ = {isa = PBXFileReference; fileEncoding = 4; lastKnownFileType = sourcecode.c.objc; path = LoginViewController.m; sourceTree = "<group>"; };
		F499EB441AB44D4D00E7BB72 /* Login.h */ = {isa = PBXFileReference; fileEncoding = 4; lastKnownFileType = sourcecode.c.h; path = Login.h; sourceTree = "<group>"; };
		F499EB451AB44D4D00E7BB72 /* Login.m */ = {isa = PBXFileReference; fileEncoding = 4; lastKnownFileType = sourcecode.c.objc; path = Login.m; sourceTree = "<group>"; };
		F499EB481AB44EAA00E7BB72 /* curacao.xcdatamodel */ = {isa = PBXFileReference; lastKnownFileType = wrapper.xcdatamodel; path = curacao.xcdatamodel; sourceTree = "<group>"; };
		F4D45F0B1AA629C6001FA945 /* Curacao.app */ = {isa = PBXFileReference; explicitFileType = wrapper.application; includeInIndex = 0; path = Curacao.app; sourceTree = BUILT_PRODUCTS_DIR; };
		F4D45F0F1AA629C6001FA945 /* Info.plist */ = {isa = PBXFileReference; lastKnownFileType = text.plist.xml; path = Info.plist; sourceTree = "<group>"; };
		F4D45F101AA629C6001FA945 /* main.m */ = {isa = PBXFileReference; lastKnownFileType = sourcecode.c.objc; path = main.m; sourceTree = "<group>"; };
		F4D45F121AA629C6001FA945 /* AppDelegate.h */ = {isa = PBXFileReference; lastKnownFileType = sourcecode.c.h; path = AppDelegate.h; sourceTree = "<group>"; };
		F4D45F131AA629C6001FA945 /* AppDelegate.m */ = {isa = PBXFileReference; lastKnownFileType = sourcecode.c.objc; path = AppDelegate.m; sourceTree = "<group>"; };
		F4D45F151AA629C6001FA945 /* ViewController.h */ = {isa = PBXFileReference; lastKnownFileType = sourcecode.c.h; path = ViewController.h; sourceTree = "<group>"; };
		F4D45F161AA629C6001FA945 /* ViewController.m */ = {isa = PBXFileReference; lastKnownFileType = sourcecode.c.objc; path = ViewController.m; sourceTree = "<group>"; };
		F4D45F191AA629C6001FA945 /* Base */ = {isa = PBXFileReference; lastKnownFileType = file.storyboard; name = Base; path = Base.lproj/Main.storyboard; sourceTree = "<group>"; };
		F4D45F1B1AA629C6001FA945 /* Images.xcassets */ = {isa = PBXFileReference; lastKnownFileType = folder.assetcatalog; path = Images.xcassets; sourceTree = "<group>"; };
		F4D45F1E1AA629C6001FA945 /* Base */ = {isa = PBXFileReference; lastKnownFileType = file.xib; name = Base; path = Base.lproj/LaunchScreen.xib; sourceTree = "<group>"; };
		F4D45F241AA629C6001FA945 /* CuracaoTests.xctest */ = {isa = PBXFileReference; explicitFileType = wrapper.cfbundle; includeInIndex = 0; path = CuracaoTests.xctest; sourceTree = BUILT_PRODUCTS_DIR; };
		F4D45F291AA629C6001FA945 /* Info.plist */ = {isa = PBXFileReference; lastKnownFileType = text.plist.xml; path = Info.plist; sourceTree = "<group>"; };
		F4D45F2A1AA629C6001FA945 /* CuracaoTests.m */ = {isa = PBXFileReference; lastKnownFileType = sourcecode.c.objc; path = CuracaoTests.m; sourceTree = "<group>"; };
		F4DC9C341AAF536C00D05D74 /* StoreLocatorViewController.h */ = {isa = PBXFileReference; fileEncoding = 4; lastKnownFileType = sourcecode.c.h; path = StoreLocatorViewController.h; sourceTree = "<group>"; };
		F4DC9C351AAF536C00D05D74 /* StoreLocatorViewController.m */ = {isa = PBXFileReference; fileEncoding = 4; lastKnownFileType = sourcecode.c.objc; path = StoreLocatorViewController.m; sourceTree = "<group>"; };
		F4DC9C371AAF618000D05D74 /* CustomerServiceViewController.h */ = {isa = PBXFileReference; fileEncoding = 4; lastKnownFileType = sourcecode.c.h; path = CustomerServiceViewController.h; sourceTree = "<group>"; };
		F4DC9C381AAF618000D05D74 /* CustomerServiceViewController.m */ = {isa = PBXFileReference; fileEncoding = 4; lastKnownFileType = sourcecode.c.objc; path = CustomerServiceViewController.m; sourceTree = "<group>"; };
		F4DC9C3A1AAF628A00D05D74 /* FullSiteViewController.h */ = {isa = PBXFileReference; fileEncoding = 4; lastKnownFileType = sourcecode.c.h; path = FullSiteViewController.h; sourceTree = "<group>"; };
		F4DC9C3B1AAF628A00D05D74 /* FullSiteViewController.m */ = {isa = PBXFileReference; fileEncoding = 4; lastKnownFileType = sourcecode.c.objc; path = FullSiteViewController.m; sourceTree = "<group>"; };
		F995FCCE1100A29E43E9A772 /* libPods.a */ = {isa = PBXFileReference; explicitFileType = archive.ar; includeInIndex = 0; path = libPods.a; sourceTree = BUILT_PRODUCTS_DIR; };
/* End PBXFileReference section */

/* Begin PBXFrameworksBuildPhase section */
		F4D45F081AA629C6001FA945 /* Frameworks */ = {
			isa = PBXFrameworksBuildPhase;
			buildActionMask = 2147483647;
			files = (
				5550C79C6617FA0E07B34E00 /* libPods.a in Frameworks */,
			);
			runOnlyForDeploymentPostprocessing = 0;
		};
		F4D45F211AA629C6001FA945 /* Frameworks */ = {
			isa = PBXFrameworksBuildPhase;
			buildActionMask = 2147483647;
			files = (
			);
			runOnlyForDeploymentPostprocessing = 0;
		};
/* End PBXFrameworksBuildPhase section */

/* Begin PBXGroup section */
		3B3D456E71A166393525CA3C /* Frameworks */ = {
			isa = PBXGroup;
			children = (
				F995FCCE1100A29E43E9A772 /* libPods.a */,
			);
			name = Frameworks;
			sourceTree = "<group>";
		};
		3EE5C2D844AECAC115F21343 /* Pods */ = {
			isa = PBXGroup;
			children = (
				4FA44F19AFEF0B9C9643D7CD /* Pods.debug.xcconfig */,
				0FF3D75B892FC3E430EB7F89 /* Pods.release.xcconfig */,
			);
			name = Pods;
			sourceTree = "<group>";
		};
		F45517711AAB263D00F6BBF0 /* ViewController */ = {
			isa = PBXGroup;
			children = (
				F4D45F151AA629C6001FA945 /* ViewController.h */,
				F4D45F161AA629C6001FA945 /* ViewController.m */,
				F45517821AAB2AF800F6BBF0 /* MenuViewController.h */,
				F45517831AAB2AF800F6BBF0 /* MenuViewController.m */,
				F45517851AAB2B0B00F6BBF0 /* HomeViewController.h */,
				F45517861AAB2B0B00F6BBF0 /* HomeViewController.m */,
				F4DC9C341AAF536C00D05D74 /* StoreLocatorViewController.h */,
				F4DC9C351AAF536C00D05D74 /* StoreLocatorViewController.m */,
				F4DC9C371AAF618000D05D74 /* CustomerServiceViewController.h */,
				F4DC9C381AAF618000D05D74 /* CustomerServiceViewController.m */,
				F4DC9C3A1AAF628A00D05D74 /* FullSiteViewController.h */,
				F4DC9C3B1AAF628A00D05D74 /* FullSiteViewController.m */,
				F499EB381AB43EF200E7BB72 /* LoginViewController.h */,
				F499EB391AB43EF200E7BB72 /* LoginViewController.m */,
			);
			name = ViewController;
			sourceTree = "<group>";
		};
		F45517721AAB269C00F6BBF0 /* SJSlidebar */ = {
			isa = PBXGroup;
			children = (
				F45517731AAB269C00F6BBF0 /* CustomSlideViewController.h */,
				F45517741AAB269C00F6BBF0 /* CustomSlideViewController.m */,
				F45517751AAB269C00F6BBF0 /* MenuOptionsViewController.h */,
				F45517761AAB269C00F6BBF0 /* MenuOptionsViewController.m */,
			);
			path = SJSlidebar;
			sourceTree = "<group>";
		};
		F45517791AAB26E300F6BBF0 /* MappingObjects */ = {
			isa = PBXGroup;
			children = (
				F499EB441AB44D4D00E7BB72 /* Login.h */,
				F499EB451AB44D4D00E7BB72 /* Login.m */,
			);
			name = MappingObjects;
			sourceTree = "<group>";
		};
		F455177A1AAB26F400F6BBF0 /* Utility */ = {
			isa = PBXGroup;
			children = (
				F455178B1AAB3DFE00F6BBF0 /* FileUtility.h */,
				F455178C1AAB3DFE00F6BBF0 /* FileUtility.m */,
				F455178D1AAB3DFE00F6BBF0 /* IconDownloader.m */,
				F455178E1AAB3DFE00F6BBF0 /* IconDownloader.h */,
				F455177B1AAB285300F6BBF0 /* Constant.h */,
				F45517891AAB379100F6BBF0 /* ConstantStr.h */,
				F455178A1AAB3D9C00F6BBF0 /* Enum.h */,
			);
			name = Utility;
			sourceTree = "<group>";
		};
		F4D45F021AA629C6001FA945 = {
			isa = PBXGroup;
			children = (
				F4D45F0D1AA629C6001FA945 /* Curacao */,
				F4D45F271AA629C6001FA945 /* CuracaoTests */,
				F4D45F0C1AA629C6001FA945 /* Products */,
				3EE5C2D844AECAC115F21343 /* Pods */,
				3B3D456E71A166393525CA3C /* Frameworks */,
			);
			sourceTree = "<group>";
		};
		F4D45F0C1AA629C6001FA945 /* Products */ = {
			isa = PBXGroup;
			children = (
				F4D45F0B1AA629C6001FA945 /* Curacao.app */,
				F4D45F241AA629C6001FA945 /* CuracaoTests.xctest */,
			);
			name = Products;
			sourceTree = "<group>";
		};
		F4D45F0D1AA629C6001FA945 /* Curacao */ = {
			isa = PBXGroup;
			children = (
				F455177A1AAB26F400F6BBF0 /* Utility */,
				F45517791AAB26E300F6BBF0 /* MappingObjects */,
				F45517721AAB269C00F6BBF0 /* SJSlidebar */,
				F45517711AAB263D00F6BBF0 /* ViewController */,
				F4D45F121AA629C6001FA945 /* AppDelegate.h */,
				F4D45F131AA629C6001FA945 /* AppDelegate.m */,
				F4D45F181AA629C6001FA945 /* Main.storyboard */,
				F4D45F1B1AA629C6001FA945 /* Images.xcassets */,
				F4D45F1D1AA629C6001FA945 /* LaunchScreen.xib */,
				F4D45F0E1AA629C6001FA945 /* Supporting Files */,
				F499EB471AB44EAA00E7BB72 /* curacao.xcdatamodeld */,
			);
			path = Curacao;
			sourceTree = "<group>";
		};
		F4D45F0E1AA629C6001FA945 /* Supporting Files */ = {
			isa = PBXGroup;
			children = (
				F4D45F0F1AA629C6001FA945 /* Info.plist */,
				F4D45F101AA629C6001FA945 /* main.m */,
				F45517881AAB35B500F6BBF0 /* Curacao-Prefix.pch */,
			);
			name = "Supporting Files";
			sourceTree = "<group>";
		};
		F4D45F271AA629C6001FA945 /* CuracaoTests */ = {
			isa = PBXGroup;
			children = (
				F4D45F2A1AA629C6001FA945 /* CuracaoTests.m */,
				F4D45F281AA629C6001FA945 /* Supporting Files */,
			);
			path = CuracaoTests;
			sourceTree = "<group>";
		};
		F4D45F281AA629C6001FA945 /* Supporting Files */ = {
			isa = PBXGroup;
			children = (
				F4D45F291AA629C6001FA945 /* Info.plist */,
			);
			name = "Supporting Files";
			sourceTree = "<group>";
		};
/* End PBXGroup section */

/* Begin PBXNativeTarget section */
		F4D45F0A1AA629C6001FA945 /* Curacao */ = {
			isa = PBXNativeTarget;
			buildConfigurationList = F4D45F2E1AA629C6001FA945 /* Build configuration list for PBXNativeTarget "Curacao" */;
			buildPhases = (
				AE975A1F9567E24B00074FC8 /* Check Pods Manifest.lock */,
				F4D45F071AA629C6001FA945 /* Sources */,
				F4D45F081AA629C6001FA945 /* Frameworks */,
				F4D45F091AA629C6001FA945 /* Resources */,
				8DA0DB2DA851797842A5E562 /* Copy Pods Resources */,
			);
			buildRules = (
			);
			dependencies = (
			);
			name = Curacao;
			productName = Curacao;
			productReference = F4D45F0B1AA629C6001FA945 /* Curacao.app */;
			productType = "com.apple.product-type.application";
		};
		F4D45F231AA629C6001FA945 /* CuracaoTests */ = {
			isa = PBXNativeTarget;
			buildConfigurationList = F4D45F311AA629C6001FA945 /* Build configuration list for PBXNativeTarget "CuracaoTests" */;
			buildPhases = (
				F4D45F201AA629C6001FA945 /* Sources */,
				F4D45F211AA629C6001FA945 /* Frameworks */,
				F4D45F221AA629C6001FA945 /* Resources */,
			);
			buildRules = (
			);
			dependencies = (
				F4D45F261AA629C6001FA945 /* PBXTargetDependency */,
			);
			name = CuracaoTests;
			productName = CuracaoTests;
			productReference = F4D45F241AA629C6001FA945 /* CuracaoTests.xctest */;
			productType = "com.apple.product-type.bundle.unit-test";
		};
/* End PBXNativeTarget section */

/* Begin PBXProject section */
		F4D45F031AA629C6001FA945 /* Project object */ = {
			isa = PBXProject;
			attributes = {
				LastUpgradeCheck = 0610;
				ORGANIZATIONNAME = "Ebiz Intel Solution Pvt Ltd";
				TargetAttributes = {
					F4D45F0A1AA629C6001FA945 = {
						CreatedOnToolsVersion = 6.1.1;
					};
					F4D45F231AA629C6001FA945 = {
						CreatedOnToolsVersion = 6.1.1;
						TestTargetID = F4D45F0A1AA629C6001FA945;
					};
				};
			};
			buildConfigurationList = F4D45F061AA629C6001FA945 /* Build configuration list for PBXProject "Curacao" */;
			compatibilityVersion = "Xcode 3.2";
			developmentRegion = English;
			hasScannedForEncodings = 0;
			knownRegions = (
				en,
				Base,
			);
			mainGroup = F4D45F021AA629C6001FA945;
			productRefGroup = F4D45F0C1AA629C6001FA945 /* Products */;
			projectDirPath = "";
			projectRoot = "";
			targets = (
				F4D45F0A1AA629C6001FA945 /* Curacao */,
				F4D45F231AA629C6001FA945 /* CuracaoTests */,
			);
		};
/* End PBXProject section */

/* Begin PBXResourcesBuildPhase section */
		F4D45F091AA629C6001FA945 /* Resources */ = {
			isa = PBXResourcesBuildPhase;
			buildActionMask = 2147483647;
			files = (
				F4D45F1A1AA629C6001FA945 /* Main.storyboard in Resources */,
				F4D45F1F1AA629C6001FA945 /* LaunchScreen.xib in Resources */,
				F4D45F1C1AA629C6001FA945 /* Images.xcassets in Resources */,
			);
			runOnlyForDeploymentPostprocessing = 0;
		};
		F4D45F221AA629C6001FA945 /* Resources */ = {
			isa = PBXResourcesBuildPhase;
			buildActionMask = 2147483647;
			files = (
			);
			runOnlyForDeploymentPostprocessing = 0;
		};
/* End PBXResourcesBuildPhase section */

/* Begin PBXShellScriptBuildPhase section */
		8DA0DB2DA851797842A5E562 /* Copy Pods Resources */ = {
			isa = PBXShellScriptBuildPhase;
			buildActionMask = 2147483647;
			files = (
			);
			inputPaths = (
			);
			name = "Copy Pods Resources";
			outputPaths = (
			);
			runOnlyForDeploymentPostprocessing = 0;
			shellPath = /bin/sh;
			shellScript = "\"${SRCROOT}/Pods/Target Support Files/Pods/Pods-resources.sh\"\n";
			showEnvVarsInLog = 0;
		};
		AE975A1F9567E24B00074FC8 /* Check Pods Manifest.lock */ = {
			isa = PBXShellScriptBuildPhase;
			buildActionMask = 2147483647;
			files = (
			);
			inputPaths = (
			);
			name = "Check Pods Manifest.lock";
			outputPaths = (
			);
			runOnlyForDeploymentPostprocessing = 0;
			shellPath = /bin/sh;
			shellScript = "diff \"${PODS_ROOT}/../Podfile.lock\" \"${PODS_ROOT}/Manifest.lock\" > /dev/null\nif [[ $? != 0 ]] ; then\n    cat << EOM\nerror: The sandbox is not in sync with the Podfile.lock. Run 'pod install' or update your CocoaPods installation.\nEOM\n    exit 1\nfi\n";
			showEnvVarsInLog = 0;
		};
/* End PBXShellScriptBuildPhase section */

/* Begin PBXSourcesBuildPhase section */
		F4D45F071AA629C6001FA945 /* Sources */ = {
			isa = PBXSourcesBuildPhase;
			buildActionMask = 2147483647;
			files = (
				F4DC9C3C1AAF628A00D05D74 /* FullSiteViewController.m in Sources */,
				F4D45F171AA629C6001FA945 /* ViewController.m in Sources */,
				F45517841AAB2AF800F6BBF0 /* MenuViewController.m in Sources */,
				F45517781AAB269C00F6BBF0 /* MenuOptionsViewController.m in Sources */,
				F4DC9C391AAF618000D05D74 /* CustomerServiceViewController.m in Sources */,
				F45517771AAB269C00F6BBF0 /* CustomSlideViewController.m in Sources */,
				F45517901AAB3DFE00F6BBF0 /* IconDownloader.m in Sources */,
				F455178F1AAB3DFE00F6BBF0 /* FileUtility.m in Sources */,
				F4DC9C361AAF536C00D05D74 /* StoreLocatorViewController.m in Sources */,
				F499EB491AB44EAA00E7BB72 /* curacao.xcdatamodeld in Sources */,
				F499EB461AB44D4D00E7BB72 /* Login.m in Sources */,
				F4D45F141AA629C6001FA945 /* AppDelegate.m in Sources */,
				F45517871AAB2B0B00F6BBF0 /* HomeViewController.m in Sources */,
				F4D45F111AA629C6001FA945 /* main.m in Sources */,
				F499EB3A1AB43EF200E7BB72 /* LoginViewController.m in Sources */,
			);
			runOnlyForDeploymentPostprocessing = 0;
		};
		F4D45F201AA629C6001FA945 /* Sources */ = {
			isa = PBXSourcesBuildPhase;
			buildActionMask = 2147483647;
			files = (
				F4D45F2B1AA629C6001FA945 /* CuracaoTests.m in Sources */,
			);
			runOnlyForDeploymentPostprocessing = 0;
		};
/* End PBXSourcesBuildPhase section */

/* Begin PBXTargetDependency section */
		F4D45F261AA629C6001FA945 /* PBXTargetDependency */ = {
			isa = PBXTargetDependency;
			target = F4D45F0A1AA629C6001FA945 /* Curacao */;
			targetProxy = F4D45F251AA629C6001FA945 /* PBXContainerItemProxy */;
		};
/* End PBXTargetDependency section */

/* Begin PBXVariantGroup section */
		F4D45F181AA629C6001FA945 /* Main.storyboard */ = {
			isa = PBXVariantGroup;
			children = (
				F4D45F191AA629C6001FA945 /* Base */,
			);
			name = Main.storyboard;
			sourceTree = "<group>";
		};
		F4D45F1D1AA629C6001FA945 /* LaunchScreen.xib */ = {
			isa = PBXVariantGroup;
			children = (
				F4D45F1E1AA629C6001FA945 /* Base */,
			);
			name = LaunchScreen.xib;
			sourceTree = "<group>";
		};
/* End PBXVariantGroup section */

/* Begin XCBuildConfiguration section */
		F4D45F2C1AA629C6001FA945 /* Debug */ = {
			isa = XCBuildConfiguration;
			buildSettings = {
				ALWAYS_SEARCH_USER_PATHS = NO;
				CLANG_CXX_LANGUAGE_STANDARD = "gnu++0x";
				CLANG_CXX_LIBRARY = "libc++";
				CLANG_ENABLE_MODULES = YES;
				CLANG_ENABLE_OBJC_ARC = YES;
				CLANG_WARN_BOOL_CONVERSION = YES;
				CLANG_WARN_CONSTANT_CONVERSION = YES;
				CLANG_WARN_DIRECT_OBJC_ISA_USAGE = YES_ERROR;
				CLANG_WARN_EMPTY_BODY = YES;
				CLANG_WARN_ENUM_CONVERSION = YES;
				CLANG_WARN_INT_CONVERSION = YES;
				CLANG_WARN_OBJC_ROOT_CLASS = YES_ERROR;
				CLANG_WARN_UNREACHABLE_CODE = YES;
				CLANG_WARN__DUPLICATE_METHOD_MATCH = YES;
				"CODE_SIGN_IDENTITY[sdk=iphoneos*]" = "iPhone Developer";
				COPY_PHASE_STRIP = NO;
				ENABLE_STRICT_OBJC_MSGSEND = YES;
				GCC_C_LANGUAGE_STANDARD = gnu99;
				GCC_DYNAMIC_NO_PIC = NO;
				GCC_OPTIMIZATION_LEVEL = 0;
				GCC_PREPROCESSOR_DEFINITIONS = (
					"DEBUG=1",
					"$(inherited)",
				);
				GCC_SYMBOLS_PRIVATE_EXTERN = NO;
				GCC_WARN_64_TO_32_BIT_CONVERSION = YES;
				GCC_WARN_ABOUT_RETURN_TYPE = YES_ERROR;
				GCC_WARN_UNDECLARED_SELECTOR = YES;
				GCC_WARN_UNINITIALIZED_AUTOS = YES_AGGRESSIVE;
				GCC_WARN_UNUSED_FUNCTION = YES;
				GCC_WARN_UNUSED_VARIABLE = YES;
				IPHONEOS_DEPLOYMENT_TARGET = 8.1;
				MTL_ENABLE_DEBUG_INFO = YES;
				ONLY_ACTIVE_ARCH = YES;
				SDKROOT = iphoneos;
			};
			name = Debug;
		};
		F4D45F2D1AA629C6001FA945 /* Release */ = {
			isa = XCBuildConfiguration;
			buildSettings = {
				ALWAYS_SEARCH_USER_PATHS = NO;
				CLANG_CXX_LANGUAGE_STANDARD = "gnu++0x";
				CLANG_CXX_LIBRARY = "libc++";
				CLANG_ENABLE_MODULES = YES;
				CLANG_ENABLE_OBJC_ARC = YES;
				CLANG_WARN_BOOL_CONVERSION = YES;
				CLANG_WARN_CONSTANT_CONVERSION = YES;
				CLANG_WARN_DIRECT_OBJC_ISA_USAGE = YES_ERROR;
				CLANG_WARN_EMPTY_BODY = YES;
				CLANG_WARN_ENUM_CONVERSION = YES;
				CLANG_WARN_INT_CONVERSION = YES;
				CLANG_WARN_OBJC_ROOT_CLASS = YES_ERROR;
				CLANG_WARN_UNREACHABLE_CODE = YES;
				CLANG_WARN__DUPLICATE_METHOD_MATCH = YES;
				"CODE_SIGN_IDENTITY[sdk=iphoneos*]" = "iPhone Developer";
				COPY_PHASE_STRIP = YES;
				ENABLE_NS_ASSERTIONS = NO;
				ENABLE_STRICT_OBJC_MSGSEND = YES;
				GCC_C_LANGUAGE_STANDARD = gnu99;
				GCC_WARN_64_TO_32_BIT_CONVERSION = YES;
				GCC_WARN_ABOUT_RETURN_TYPE = YES_ERROR;
				GCC_WARN_UNDECLARED_SELECTOR = YES;
				GCC_WARN_UNINITIALIZED_AUTOS = YES_AGGRESSIVE;
				GCC_WARN_UNUSED_FUNCTION = YES;
				GCC_WARN_UNUSED_VARIABLE = YES;
				IPHONEOS_DEPLOYMENT_TARGET = 8.1;
				MTL_ENABLE_DEBUG_INFO = NO;
				SDKROOT = iphoneos;
				VALIDATE_PRODUCT = YES;
			};
			name = Release;
		};
		F4D45F2F1AA629C6001FA945 /* Debug */ = {
			isa = XCBuildConfiguration;
			baseConfigurationReference = 4FA44F19AFEF0B9C9643D7CD /* Pods.debug.xcconfig */;
			buildSettings = {
				ASSETCATALOG_COMPILER_APPICON_NAME = AppIcon;
				GCC_PRECOMPILE_PREFIX_HEADER = YES;
				GCC_PREFIX_HEADER = "Curacao/Curacao-Prefix.pch";
				INFOPLIST_FILE = Curacao/Info.plist;
				LD_RUNPATH_SEARCH_PATHS = "$(inherited) @executable_path/Frameworks";
				PRODUCT_NAME = "$(TARGET_NAME)";
			};
			name = Debug;
		};
		F4D45F301AA629C6001FA945 /* Release */ = {
			isa = XCBuildConfiguration;
			baseConfigurationReference = 0FF3D75B892FC3E430EB7F89 /* Pods.release.xcconfig */;
			buildSettings = {
				ASSETCATALOG_COMPILER_APPICON_NAME = AppIcon;
				GCC_PRECOMPILE_PREFIX_HEADER = YES;
				GCC_PREFIX_HEADER = "Curacao/Curacao-Prefix.pch";
				INFOPLIST_FILE = Curacao/Info.plist;
				LD_RUNPATH_SEARCH_PATHS = "$(inherited) @executable_path/Frameworks";
				PRODUCT_NAME = "$(TARGET_NAME)";
			};
			name = Release;
		};
		F4D45F321AA629C6001FA945 /* Debug */ = {
			isa = XCBuildConfiguration;
			buildSettings = {
				BUNDLE_LOADER = "$(TEST_HOST)";
				FRAMEWORK_SEARCH_PATHS = (
					"$(SDKROOT)/Developer/Library/Frameworks",
					"$(inherited)",
				);
				GCC_PREPROCESSOR_DEFINITIONS = (
					"DEBUG=1",
					"$(inherited)",
				);
				INFOPLIST_FILE = CuracaoTests/Info.plist;
				LD_RUNPATH_SEARCH_PATHS = "$(inherited) @executable_path/Frameworks @loader_path/Frameworks";
				PRODUCT_NAME = "$(TARGET_NAME)";
				TEST_HOST = "$(BUILT_PRODUCTS_DIR)/Curacao.app/Curacao";
			};
			name = Debug;
		};
		F4D45F331AA629C6001FA945 /* Release */ = {
			isa = XCBuildConfiguration;
			buildSettings = {
				BUNDLE_LOADER = "$(TEST_HOST)";
				FRAMEWORK_SEARCH_PATHS = (
					"$(SDKROOT)/Developer/Library/Frameworks",
					"$(inherited)",
				);
				INFOPLIST_FILE = CuracaoTests/Info.plist;
				LD_RUNPATH_SEARCH_PATHS = "$(inherited) @executable_path/Frameworks @loader_path/Frameworks";
				PRODUCT_NAME = "$(TARGET_NAME)";
				TEST_HOST = "$(BUILT_PRODUCTS_DIR)/Curacao.app/Curacao";
			};
			name = Release;
		};
/* End XCBuildConfiguration section */

/* Begin XCConfigurationList section */
		F4D45F061AA629C6001FA945 /* Build configuration list for PBXProject "Curacao" */ = {
			isa = XCConfigurationList;
			buildConfigurations = (
				F4D45F2C1AA629C6001FA945 /* Debug */,
				F4D45F2D1AA629C6001FA945 /* Release */,
			);
			defaultConfigurationIsVisible = 0;
			defaultConfigurationName = Release;
		};
		F4D45F2E1AA629C6001FA945 /* Build configuration list for PBXNativeTarget "Curacao" */ = {
			isa = XCConfigurationList;
			buildConfigurations = (
				F4D45F2F1AA629C6001FA945 /* Debug */,
				F4D45F301AA629C6001FA945 /* Release */,
			);
			defaultConfigurationIsVisible = 0;
			defaultConfigurationName = Release;
		};
		F4D45F311AA629C6001FA945 /* Build configuration list for PBXNativeTarget "CuracaoTests" */ = {
			isa = XCConfigurationList;
			buildConfigurations = (
				F4D45F321AA629C6001FA945 /* Debug */,
				F4D45F331AA629C6001FA945 /* Release */,
			);
			defaultConfigurationIsVisible = 0;
			defaultConfigurationName = Release;
		};
/* End XCConfigurationList section */

/* Begin XCVersionGroup section */
		F499EB471AB44EAA00E7BB72 /* curacao.xcdatamodeld */ = {
			isa = XCVersionGroup;
			children = (
				F499EB481AB44EAA00E7BB72 /* curacao.xcdatamodel */,
			);
			currentVersion = F499EB481AB44EAA00E7BB72 /* curacao.xcdatamodel */;
			path = curacao.xcdatamodeld;
			sourceTree = "<group>";
			versionGroupType = wrapper.xcdatamodel;
		};
/* End XCVersionGroup section */
	};
	rootObject = F4D45F031AA629C6001FA945 /* Project object */;
}
